PODS:
  - Alamofire (4.9.1)
  - Charts (3.6.0):
    - Charts/Core (= 3.6.0)
  - Charts/Core (3.6.0)

DEPENDENCIES:
  - Alamofire (~> 4.9.1)
  - Charts

SPEC REPOS:
  trunk:
    - Alamofire
    - Charts

SPEC CHECKSUMS:
  Alamofire: 85e8a02c69d6020a0d734f6054870d7ecb75cf18
  Charts: b1e3a1f5a1c9ba5394438ca3b91bd8c9076310af

PODFILE CHECKSUM: 245081f81ec2bfc70fed4aadf9b14e5343c12533

COCOAPODS: 1.10.1
